{
    "name": "skidos.my.ru",
    "version": "1.0.0",
    "lockfileVersion": 1,
    "requires": true,
    "dependencies": {
        "cordova-plugin-whitelist": {
            "version": "1.3.4",
            "resolved": "https://registry.npmjs.org/cordova-plugin-whitelist/-/cordova-plugin-whitelist-1.3.4.tgz",
            "integrity": "sha512-EYC5eQFVkoYXq39l7tYKE6lEjHJ04mvTmKXxGL7quHLdFPfJMNzru/UYpn92AOfpl3PQaZmou78C7EgmFOwFQQ==",
            "dev": true
        },
        "cordova-support-google-services": {
            "version": "1.3.2",
            "resolved": "https://registry.npmjs.org/cordova-support-google-services/-/cordova-support-google-services-1.3.2.tgz",
            "integrity": "sha512-RtEWzULreUX662MFWopGhFispLiHX7gUf2GijPOC2mY2oCNuUobj2mO4tl5q7PYbOreSxq+PrSekhmS6TAAWdw=="
        },
        "install": {
            "version": "0.8.9",
            "resolved": "https://registry.npmjs.org/install/-/install-0.8.9.tgz",
            "integrity": "sha1-n0tcDRhR74cunfheT3Fi1OXc2+0="
        },
        "phonegap-plugin-multidex": {
            "version": "1.0.0",
            "resolved": "https://registry.npmjs.org/phonegap-plugin-multidex/-/phonegap-plugin-multidex-1.0.0.tgz",
            "integrity": "sha512-1wvc3iQOQpEBaQbXgLxA2JUiLSQ2azdF/bF29ghXDiQJWSpQ1BF8gSuqttM8WZoj081Ps8OKL0gYxdDBkFNPqA=="
        },
        "phonegap-plugin-push": {
            "version": "2.3.0",
            "resolved": "https://registry.npmjs.org/phonegap-plugin-push/-/phonegap-plugin-push-2.3.0.tgz",
            "integrity": "sha512-0R35BGVvvNzov3fckBspc7snwsIdClIBhI7jUCIa7AgSZy2Lrwm8kPuLTyzMVSNR3MJTxWX6s06aDlVL7EvQ3w==",
            "requires": {
                "install": "^0.8.2"
            }
        }
    }
}
